{"filter":false,"title":"Gemfile.lock","tooltip":"/deb_app/Gemfile.lock","undoManager":{"mark":-1,"position":-1,"stack":[]},"ace":{"folds":[],"scrolltop":4624.5,"scrollleft":0,"selection":{"start":{"row":12,"column":29},"end":{"row":12,"column":29},"isBackwards":false},"options":{"guessTabSize":true,"useWrapMode":false,"wrapToView":true},"firstLineState":{"row":6,"state":"start","mode":"ace/mode/text"}},"timestamp":1553111871555,"hash":"687d68ae83f69126d2e3882e264287ba51d84414"}